
Microsoft Visual Studio Solution File, Format Version 12.00
# Visual Studio Version 17
VisualStudioVersion = 17.6.33815.320
MinimumVisualStudioVersion = 10.0.40219.1
Project("{8BC9CEB8-8B4A-11D0-8D11-00A0C91BC942}") = "项目一：定义常量的两种方式", "项目一：定义常量的两种方式\项目一：定义常量的两种方式.vcxproj", "{6C05995E-F3EE-4240-9453-39DB5A44193B}"
EndProject
Project("{8BC9CEB8-8B4A-11D0-8D11-00A0C91BC942}") = "项目二：sizeof关键字", "项目二：sizeof关键字\项目二：sizeof关键字.vcxproj", "{62F67F93-3D93-4E4D-A0BF-966CD58782D1}"
EndProject
Project("{8BC9CEB8-8B4A-11D0-8D11-00A0C91BC942}") = "项目三：单、双精度浮点型", "项目三：单、双精度浮点型\项目三：单、双精度浮点型.vcxproj", "{DCA8274A-18CC-4A27-9F95-DF2E217ABDCD}"
EndProject
Project("{8BC9CEB8-8B4A-11D0-8D11-00A0C91BC942}") = "项目四：字符型和字符串型变量", "项目四：字符型和字符串型变量\项目四：字符型和字符串型变量.vcxproj", "{AAB4B713-AA92-49D2-87A4-94FE3EF1CDDC}"
EndProject
Project("{8BC9CEB8-8B4A-11D0-8D11-00A0C91BC942}") = "项目五：布尔类型", "项目五：布尔类型\项目五：布尔类型.vcxproj", "{AB48C204-683E-48D3-A363-5D904DECA986}"
EndProject
Project("{8BC9CEB8-8B4A-11D0-8D11-00A0C91BC942}") = "项目六：从键盘获取输入", "项目六：从键盘获取输入\项目六：从键盘获取输入.vcxproj", "{15CA847D-6404-4AD6-B453-830F0BA8D9C7}"
EndProject
Project("{8BC9CEB8-8B4A-11D0-8D11-00A0C91BC942}") = "项目七：前置与后置递增递减", "项目七：前置与后置递增递减\项目七：前置与后置递增递减.vcxproj", "{2EADF1E7-3237-4756-A8CB-F39B7B105BAF}"
EndProject
Project("{8BC9CEB8-8B4A-11D0-8D11-00A0C91BC942}") = "项目八：if的语法", "项目八：if的语法\项目八：if的语法.vcxproj", "{1D8D43E2-1790-4AB5-B9FA-BC724FE158B0}"
EndProject
Project("{8BC9CEB8-8B4A-11D0-8D11-00A0C91BC942}") = "项目九：三目运算符", "项目九：三目运算符\项目九：三目运算符.vcxproj", "{634AD6A6-86E1-40CA-8A55-95CCADFB665A}"
EndProject
Project("{8BC9CEB8-8B4A-11D0-8D11-00A0C91BC942}") = "项目十：switch语句", "项目十：switch语句\项目十：switch语句.vcxproj", "{03179F83-8F5B-41DD-A1FF-B2479CAC3727}"
EndProject
Project("{8BC9CEB8-8B4A-11D0-8D11-00A0C91BC942}") = "项目十一：do……while循环语句与水仙花数", "项目十一：do……while循环语句\项目十一：do……while循环语句.vcxproj", "{5D0F2DB6-20C9-41D0-8F69-5C66D64E19FD}"
EndProject
Project("{8BC9CEB8-8B4A-11D0-8D11-00A0C91BC942}") = "项目十二：for循环的拆分与精辟所在", "项目十二：for循环的拆分与精辟所在\项目十二：for循环的拆分与精辟所在.vcxproj", "{ED4AFAC0-3D2A-4D7F-956D-33D9FB1138DE}"
EndProject
Project("{8BC9CEB8-8B4A-11D0-8D11-00A0C91BC942}") = "项目十三：continue关键字与goto关键字", "项目十三：continue关键字与goto关键字\项目十三：continue关键字与goto关键字.vcxproj", "{50623406-7DF1-4838-8535-4A2D280DCFB7}"
EndProject
Project("{8BC9CEB8-8B4A-11D0-8D11-00A0C91BC942}") = "项目十四：一维和多维数组", "项目十四：一维和多维数组\项目十四：一维和多维数组.vcxproj", "{DED10F57-D63A-4FAB-A0C8-BFDED27DE033}"
EndProject
Global
	GlobalSection(SolutionConfigurationPlatforms) = preSolution
		Debug|x64 = Debug|x64
		Debug|x86 = Debug|x86
		Release|x64 = Release|x64
		Release|x86 = Release|x86
	EndGlobalSection
	GlobalSection(ProjectConfigurationPlatforms) = postSolution
		{6C05995E-F3EE-4240-9453-39DB5A44193B}.Debug|x64.ActiveCfg = Debug|x64
		{6C05995E-F3EE-4240-9453-39DB5A44193B}.Debug|x64.Build.0 = Debug|x64
		{6C05995E-F3EE-4240-9453-39DB5A44193B}.Debug|x86.ActiveCfg = Debug|Win32
		{6C05995E-F3EE-4240-9453-39DB5A44193B}.Debug|x86.Build.0 = Debug|Win32
		{6C05995E-F3EE-4240-9453-39DB5A44193B}.Release|x64.ActiveCfg = Release|x64
		{6C05995E-F3EE-4240-9453-39DB5A44193B}.Release|x64.Build.0 = Release|x64
		{6C05995E-F3EE-4240-9453-39DB5A44193B}.Release|x86.ActiveCfg = Release|Win32
		{6C05995E-F3EE-4240-9453-39DB5A44193B}.Release|x86.Build.0 = Release|Win32
		{62F67F93-3D93-4E4D-A0BF-966CD58782D1}.Debug|x64.ActiveCfg = Debug|x64
		{62F67F93-3D93-4E4D-A0BF-966CD58782D1}.Debug|x64.Build.0 = Debug|x64
		{62F67F93-3D93-4E4D-A0BF-966CD58782D1}.Debug|x86.ActiveCfg = Debug|Win32
		{62F67F93-3D93-4E4D-A0BF-966CD58782D1}.Debug|x86.Build.0 = Debug|Win32
		{62F67F93-3D93-4E4D-A0BF-966CD58782D1}.Release|x64.ActiveCfg = Release|x64
		{62F67F93-3D93-4E4D-A0BF-966CD58782D1}.Release|x64.Build.0 = Release|x64
		{62F67F93-3D93-4E4D-A0BF-966CD58782D1}.Release|x86.ActiveCfg = Release|Win32
		{62F67F93-3D93-4E4D-A0BF-966CD58782D1}.Release|x86.Build.0 = Release|Win32
		{DCA8274A-18CC-4A27-9F95-DF2E217ABDCD}.Debug|x64.ActiveCfg = Debug|x64
		{DCA8274A-18CC-4A27-9F95-DF2E217ABDCD}.Debug|x64.Build.0 = Debug|x64
		{DCA8274A-18CC-4A27-9F95-DF2E217ABDCD}.Debug|x86.ActiveCfg = Debug|Win32
		{DCA8274A-18CC-4A27-9F95-DF2E217ABDCD}.Debug|x86.Build.0 = Debug|Win32
		{DCA8274A-18CC-4A27-9F95-DF2E217ABDCD}.Release|x64.ActiveCfg = Release|x64
		{DCA8274A-18CC-4A27-9F95-DF2E217ABDCD}.Release|x64.Build.0 = Release|x64
		{DCA8274A-18CC-4A27-9F95-DF2E217ABDCD}.Release|x86.ActiveCfg = Release|Win32
		{DCA8274A-18CC-4A27-9F95-DF2E217ABDCD}.Release|x86.Build.0 = Release|Win32
		{AAB4B713-AA92-49D2-87A4-94FE3EF1CDDC}.Debug|x64.ActiveCfg = Debug|x64
		{AAB4B713-AA92-49D2-87A4-94FE3EF1CDDC}.Debug|x64.Build.0 = Debug|x64
		{AAB4B713-AA92-49D2-87A4-94FE3EF1CDDC}.Debug|x86.ActiveCfg = Debug|Win32
		{AAB4B713-AA92-49D2-87A4-94FE3EF1CDDC}.Debug|x86.Build.0 = Debug|Win32
		{AAB4B713-AA92-49D2-87A4-94FE3EF1CDDC}.Release|x64.ActiveCfg = Release|x64
		{AAB4B713-AA92-49D2-87A4-94FE3EF1CDDC}.Release|x64.Build.0 = Release|x64
		{AAB4B713-AA92-49D2-87A4-94FE3EF1CDDC}.Release|x86.ActiveCfg = Release|Win32
		{AAB4B713-AA92-49D2-87A4-94FE3EF1CDDC}.Release|x86.Build.0 = Release|Win32
		{AB48C204-683E-48D3-A363-5D904DECA986}.Debug|x64.ActiveCfg = Debug|x64
		{AB48C204-683E-48D3-A363-5D904DECA986}.Debug|x64.Build.0 = Debug|x64
		{AB48C204-683E-48D3-A363-5D904DECA986}.Debug|x86.ActiveCfg = Debug|Win32
		{AB48C204-683E-48D3-A363-5D904DECA986}.Debug|x86.Build.0 = Debug|Win32
		{AB48C204-683E-48D3-A363-5D904DECA986}.Release|x64.ActiveCfg = Release|x64
		{AB48C204-683E-48D3-A363-5D904DECA986}.Release|x64.Build.0 = Release|x64
		{AB48C204-683E-48D3-A363-5D904DECA986}.Release|x86.ActiveCfg = Release|Win32
		{AB48C204-683E-48D3-A363-5D904DECA986}.Release|x86.Build.0 = Release|Win32
		{15CA847D-6404-4AD6-B453-830F0BA8D9C7}.Debug|x64.ActiveCfg = Debug|x64
		{15CA847D-6404-4AD6-B453-830F0BA8D9C7}.Debug|x64.Build.0 = Debug|x64
		{15CA847D-6404-4AD6-B453-830F0BA8D9C7}.Debug|x86.ActiveCfg = Debug|Win32
		{15CA847D-6404-4AD6-B453-830F0BA8D9C7}.Debug|x86.Build.0 = Debug|Win32
		{15CA847D-6404-4AD6-B453-830F0BA8D9C7}.Release|x64.ActiveCfg = Release|x64
		{15CA847D-6404-4AD6-B453-830F0BA8D9C7}.Release|x64.Build.0 = Release|x64
		{15CA847D-6404-4AD6-B453-830F0BA8D9C7}.Release|x86.ActiveCfg = Release|Win32
		{15CA847D-6404-4AD6-B453-830F0BA8D9C7}.Release|x86.Build.0 = Release|Win32
		{2EADF1E7-3237-4756-A8CB-F39B7B105BAF}.Debug|x64.ActiveCfg = Debug|x64
		{2EADF1E7-3237-4756-A8CB-F39B7B105BAF}.Debug|x64.Build.0 = Debug|x64
		{2EADF1E7-3237-4756-A8CB-F39B7B105BAF}.Debug|x86.ActiveCfg = Debug|Win32
		{2EADF1E7-3237-4756-A8CB-F39B7B105BAF}.Debug|x86.Build.0 = Debug|Win32
		{2EADF1E7-3237-4756-A8CB-F39B7B105BAF}.Release|x64.ActiveCfg = Release|x64
		{2EADF1E7-3237-4756-A8CB-F39B7B105BAF}.Release|x64.Build.0 = Release|x64
		{2EADF1E7-3237-4756-A8CB-F39B7B105BAF}.Release|x86.ActiveCfg = Release|Win32
		{2EADF1E7-3237-4756-A8CB-F39B7B105BAF}.Release|x86.Build.0 = Release|Win32
		{1D8D43E2-1790-4AB5-B9FA-BC724FE158B0}.Debug|x64.ActiveCfg = Debug|x64
		{1D8D43E2-1790-4AB5-B9FA-BC724FE158B0}.Debug|x64.Build.0 = Debug|x64
		{1D8D43E2-1790-4AB5-B9FA-BC724FE158B0}.Debug|x86.ActiveCfg = Debug|Win32
		{1D8D43E2-1790-4AB5-B9FA-BC724FE158B0}.Debug|x86.Build.0 = Debug|Win32
		{1D8D43E2-1790-4AB5-B9FA-BC724FE158B0}.Release|x64.ActiveCfg = Release|x64
		{1D8D43E2-1790-4AB5-B9FA-BC724FE158B0}.Release|x64.Build.0 = Release|x64
		{1D8D43E2-1790-4AB5-B9FA-BC724FE158B0}.Release|x86.ActiveCfg = Release|Win32
		{1D8D43E2-1790-4AB5-B9FA-BC724FE158B0}.Release|x86.Build.0 = Release|Win32
		{634AD6A6-86E1-40CA-8A55-95CCADFB665A}.Debug|x64.ActiveCfg = Debug|x64
		{634AD6A6-86E1-40CA-8A55-95CCADFB665A}.Debug|x64.Build.0 = Debug|x64
		{634AD6A6-86E1-40CA-8A55-95CCADFB665A}.Debug|x86.ActiveCfg = Debug|Win32
		{634AD6A6-86E1-40CA-8A55-95CCADFB665A}.Debug|x86.Build.0 = Debug|Win32
		{634AD6A6-86E1-40CA-8A55-95CCADFB665A}.Release|x64.ActiveCfg = Release|x64
		{634AD6A6-86E1-40CA-8A55-95CCADFB665A}.Release|x64.Build.0 = Release|x64
		{634AD6A6-86E1-40CA-8A55-95CCADFB665A}.Release|x86.ActiveCfg = Release|Win32
		{634AD6A6-86E1-40CA-8A55-95CCADFB665A}.Release|x86.Build.0 = Release|Win32
		{03179F83-8F5B-41DD-A1FF-B2479CAC3727}.Debug|x64.ActiveCfg = Debug|x64
		{03179F83-8F5B-41DD-A1FF-B2479CAC3727}.Debug|x64.Build.0 = Debug|x64
		{03179F83-8F5B-41DD-A1FF-B2479CAC3727}.Debug|x86.ActiveCfg = Debug|Win32
		{03179F83-8F5B-41DD-A1FF-B2479CAC3727}.Debug|x86.Build.0 = Debug|Win32
		{03179F83-8F5B-41DD-A1FF-B2479CAC3727}.Release|x64.ActiveCfg = Release|x64
		{03179F83-8F5B-41DD-A1FF-B2479CAC3727}.Release|x64.Build.0 = Release|x64
		{03179F83-8F5B-41DD-A1FF-B2479CAC3727}.Release|x86.ActiveCfg = Release|Win32
		{03179F83-8F5B-41DD-A1FF-B2479CAC3727}.Release|x86.Build.0 = Release|Win32
		{5D0F2DB6-20C9-41D0-8F69-5C66D64E19FD}.Debug|x64.ActiveCfg = Debug|x64
		{5D0F2DB6-20C9-41D0-8F69-5C66D64E19FD}.Debug|x64.Build.0 = Debug|x64
		{5D0F2DB6-20C9-41D0-8F69-5C66D64E19FD}.Debug|x86.ActiveCfg = Debug|Win32
		{5D0F2DB6-20C9-41D0-8F69-5C66D64E19FD}.Debug|x86.Build.0 = Debug|Win32
		{5D0F2DB6-20C9-41D0-8F69-5C66D64E19FD}.Release|x64.ActiveCfg = Release|x64
		{5D0F2DB6-20C9-41D0-8F69-5C66D64E19FD}.Release|x64.Build.0 = Release|x64
		{5D0F2DB6-20C9-41D0-8F69-5C66D64E19FD}.Release|x86.ActiveCfg = Release|Win32
		{5D0F2DB6-20C9-41D0-8F69-5C66D64E19FD}.Release|x86.Build.0 = Release|Win32
		{ED4AFAC0-3D2A-4D7F-956D-33D9FB1138DE}.Debug|x64.ActiveCfg = Debug|x64
		{ED4AFAC0-3D2A-4D7F-956D-33D9FB1138DE}.Debug|x64.Build.0 = Debug|x64
		{ED4AFAC0-3D2A-4D7F-956D-33D9FB1138DE}.Debug|x86.ActiveCfg = Debug|Win32
		{ED4AFAC0-3D2A-4D7F-956D-33D9FB1138DE}.Debug|x86.Build.0 = Debug|Win32
		{ED4AFAC0-3D2A-4D7F-956D-33D9FB1138DE}.Release|x64.ActiveCfg = Release|x64
		{ED4AFAC0-3D2A-4D7F-956D-33D9FB1138DE}.Release|x64.Build.0 = Release|x64
		{ED4AFAC0-3D2A-4D7F-956D-33D9FB1138DE}.Release|x86.ActiveCfg = Release|Win32
		{ED4AFAC0-3D2A-4D7F-956D-33D9FB1138DE}.Release|x86.Build.0 = Release|Win32
		{50623406-7DF1-4838-8535-4A2D280DCFB7}.Debug|x64.ActiveCfg = Debug|x64
		{50623406-7DF1-4838-8535-4A2D280DCFB7}.Debug|x64.Build.0 = Debug|x64
		{50623406-7DF1-4838-8535-4A2D280DCFB7}.Debug|x86.ActiveCfg = Debug|Win32
		{50623406-7DF1-4838-8535-4A2D280DCFB7}.Debug|x86.Build.0 = Debug|Win32
		{50623406-7DF1-4838-8535-4A2D280DCFB7}.Release|x64.ActiveCfg = Release|x64
		{50623406-7DF1-4838-8535-4A2D280DCFB7}.Release|x64.Build.0 = Release|x64
		{50623406-7DF1-4838-8535-4A2D280DCFB7}.Release|x86.ActiveCfg = Release|Win32
		{50623406-7DF1-4838-8535-4A2D280DCFB7}.Release|x86.Build.0 = Release|Win32
		{DED10F57-D63A-4FAB-A0C8-BFDED27DE033}.Debug|x64.ActiveCfg = Debug|x64
		{DED10F57-D63A-4FAB-A0C8-BFDED27DE033}.Debug|x64.Build.0 = Debug|x64
		{DED10F57-D63A-4FAB-A0C8-BFDED27DE033}.Debug|x86.ActiveCfg = Debug|Win32
		{DED10F57-D63A-4FAB-A0C8-BFDED27DE033}.Debug|x86.Build.0 = Debug|Win32
		{DED10F57-D63A-4FAB-A0C8-BFDED27DE033}.Release|x64.ActiveCfg = Release|x64
		{DED10F57-D63A-4FAB-A0C8-BFDED27DE033}.Release|x64.Build.0 = Release|x64
		{DED10F57-D63A-4FAB-A0C8-BFDED27DE033}.Release|x86.ActiveCfg = Release|Win32
		{DED10F57-D63A-4FAB-A0C8-BFDED27DE033}.Release|x86.Build.0 = Release|Win32
	EndGlobalSection
	GlobalSection(SolutionProperties) = preSolution
		HideSolutionNode = FALSE
	EndGlobalSection
	GlobalSection(ExtensibilityGlobals) = postSolution
		SolutionGuid = {4897687E-DD52-4ED9-8963-4024C74D323F}
	EndGlobalSection
EndGlobal
